
Microsoft Visual Studio Solution File, Format Version 12.00
# Visual Studio Version 17
VisualStudioVersion = 17.4.33213.308
MinimumVisualStudioVersion = 10.0.40219.1
Project("{FAE04EC0-301F-11D3-BF4B-00C04F79EFBC}") = "Hw-02", "Hw-02\Hw-02.csproj", "{9C2E4E72-ECDA-47C9-A56B-CC3EE7640BBC}"
EndProject
Project("{2150E333-8FDC-42A3-9474-1A3956D46DE8}") = "Hw-01", "Hw-01", "{14BC8891-A9F2-468B-853D-80486469C980}"
	ProjectSection(SolutionItems) = preProject
		Hw-01\README.md = Hw-01\README.md
	EndProjectSection
EndProject
Global
	GlobalSection(SolutionConfigurationPlatforms) = preSolution
		Debug|Any CPU = Debug|Any CPU
		Release|Any CPU = Release|Any CPU
	EndGlobalSection
	GlobalSection(ProjectConfigurationPlatforms) = postSolution
		{9C2E4E72-ECDA-47C9-A56B-CC3EE7640BBC}.Debug|Any CPU.ActiveCfg = Debug|Any CPU
		{9C2E4E72-ECDA-47C9-A56B-CC3EE7640BBC}.Debug|Any CPU.Build.0 = Debug|Any CPU
		{9C2E4E72-ECDA-47C9-A56B-CC3EE7640BBC}.Release|Any CPU.ActiveCfg = Release|Any CPU
		{9C2E4E72-ECDA-47C9-A56B-CC3EE7640BBC}.Release|Any CPU.Build.0 = Release|Any CPU
	EndGlobalSection
	GlobalSection(SolutionProperties) = preSolution
		HideSolutionNode = FALSE
	EndGlobalSection
	GlobalSection(ExtensibilityGlobals) = postSolution
		SolutionGuid = {68673405-01B7-4F6A-9B77-4D3F7B131686}
	EndGlobalSection
EndGlobal
